
Microsoft Visual Studio Solution File, Format Version 12.00
# Visual Studio Version 16
VisualStudioVersion = 16.0.32002.261
MinimumVisualStudioVersion = 10.0.40219.1
Project("{9A19103F-16F7-4668-BE54-9A1E7A4F7556}") = "Payroll", "Payroll.csproj", "{9BDCD374-E16B-4547-B139-92B558B0F926}"
EndProject
Project("{FAE04EC0-301F-11D3-BF4B-00C04F79EFBC}") = "Core", "..\Core\Core.csproj", "{220E0354-0412-47EB-896D-9B5EAF823456}"
EndProject
Project("{FAE04EC0-301F-11D3-BF4B-00C04F79EFBC}") = "Infrastructure", "..\Infrastructure\Infrastructure.csproj", "{9F0484DC-76D1-4319-BA16-8FD57ABE953D}"
EndProject
Global
	GlobalSection(SolutionConfigurationPlatforms) = preSolution
		Debug|Any CPU = Debug|Any CPU
		Release|Any CPU = Release|Any CPU
	EndGlobalSection
	GlobalSection(ProjectConfigurationPlatforms) = postSolution
		{9BDCD374-E16B-4547-B139-92B558B0F926}.Debug|Any CPU.ActiveCfg = Debug|Any CPU
		{9BDCD374-E16B-4547-B139-92B558B0F926}.Debug|Any CPU.Build.0 = Debug|Any CPU
		{9BDCD374-E16B-4547-B139-92B558B0F926}.Release|Any CPU.ActiveCfg = Release|Any CPU
		{9BDCD374-E16B-4547-B139-92B558B0F926}.Release|Any CPU.Build.0 = Release|Any CPU
		{220E0354-0412-47EB-896D-9B5EAF823456}.Debug|Any CPU.ActiveCfg = Debug|Any CPU
		{220E0354-0412-47EB-896D-9B5EAF823456}.Debug|Any CPU.Build.0 = Debug|Any CPU
		{220E0354-0412-47EB-896D-9B5EAF823456}.Release|Any CPU.ActiveCfg = Release|Any CPU
		{220E0354-0412-47EB-896D-9B5EAF823456}.Release|Any CPU.Build.0 = Release|Any CPU
		{9F0484DC-76D1-4319-BA16-8FD57ABE953D}.Debug|Any CPU.ActiveCfg = Debug|Any CPU
		{9F0484DC-76D1-4319-BA16-8FD57ABE953D}.Debug|Any CPU.Build.0 = Debug|Any CPU
		{9F0484DC-76D1-4319-BA16-8FD57ABE953D}.Release|Any CPU.ActiveCfg = Release|Any CPU
		{9F0484DC-76D1-4319-BA16-8FD57ABE953D}.Release|Any CPU.Build.0 = Release|Any CPU
	EndGlobalSection
	GlobalSection(SolutionProperties) = preSolution
		HideSolutionNode = FALSE
	EndGlobalSection
	GlobalSection(ExtensibilityGlobals) = postSolution
		SolutionGuid = {30D7DDDE-0BAD-43F1-B29F-062FEBA6BDFA}
	EndGlobalSection
EndGlobal
